
Microsoft Visual Studio Solution File, Format Version 12.00
# Visual Studio Version 17
VisualStudioVersion = 17.12.35527.113 d17.12
MinimumVisualStudioVersion = 10.0.40219.1
Project("{FAE04EC0-301F-11D3-BF4B-00C04F79EFBC}") = "LibraryEFCore", "LibraryEFCore\LibraryEFCore.csproj", "{661D9FBF-359A-492B-9DC2-36B248912C6B}"
EndProject
Project("{FAE04EC0-301F-11D3-BF4B-00C04F79EFBC}") = "LibraryUI", "LibraryUI\LibraryUI.csproj", "{FAB4C554-4910-4977-A59F-7B06BC1FDB6F}"
EndProject
Global
	GlobalSection(SolutionConfigurationPlatforms) = preSolution
		Debug|Any CPU = Debug|Any CPU
		Release|Any CPU = Release|Any CPU
	EndGlobalSection
	GlobalSection(ProjectConfigurationPlatforms) = postSolution
		{661D9FBF-359A-492B-9DC2-36B248912C6B}.Debug|Any CPU.ActiveCfg = Debug|Any CPU
		{661D9FBF-359A-492B-9DC2-36B248912C6B}.Debug|Any CPU.Build.0 = Debug|Any CPU
		{661D9FBF-359A-492B-9DC2-36B248912C6B}.Release|Any CPU.ActiveCfg = Release|Any CPU
		{661D9FBF-359A-492B-9DC2-36B248912C6B}.Release|Any CPU.Build.0 = Release|Any CPU
		{FAB4C554-4910-4977-A59F-7B06BC1FDB6F}.Debug|Any CPU.ActiveCfg = Debug|Any CPU
		{FAB4C554-4910-4977-A59F-7B06BC1FDB6F}.Debug|Any CPU.Build.0 = Debug|Any CPU
		{FAB4C554-4910-4977-A59F-7B06BC1FDB6F}.Release|Any CPU.ActiveCfg = Release|Any CPU
		{FAB4C554-4910-4977-A59F-7B06BC1FDB6F}.Release|Any CPU.Build.0 = Release|Any CPU
	EndGlobalSection
	GlobalSection(SolutionProperties) = preSolution
		HideSolutionNode = FALSE
	EndGlobalSection
EndGlobal
